
Microsoft Visual Studio Solution File, Format Version 12.00
# Visual Studio 14
VisualStudioVersion = 14.0.24720.0
MinimumVisualStudioVersion = 10.0.40219.1
Project("{FAE04EC0-301F-11D3-BF4B-00C04F79EFBC}") = "xml_find", "xml_find\xml_find.csproj", "{CB0ED550-71E5-4078-9BD1-6559AF1721A2}"
EndProject
Project("{FAE04EC0-301F-11D3-BF4B-00C04F79EFBC}") = "xml_Find2", "xml_Find2\xml_Find2.csproj", "{AADE5929-A39B-43A4-87BE-C8F3964A7FE4}"
EndProject
Project("{FAE04EC0-301F-11D3-BF4B-00C04F79EFBC}") = "Web", "Web\Web.csproj", "{98C943CB-AB72-417E-B9B1-814F6C10C554}"
EndProject
Project("{FAE04EC0-301F-11D3-BF4B-00C04F79EFBC}") = "Models", "Models\Models.csproj", "{C80055C1-9217-43D7-A0B5-48A117F35314}"
EndProject
Global
	GlobalSection(SolutionConfigurationPlatforms) = preSolution
		Debug|Any CPU = Debug|Any CPU
		Release|Any CPU = Release|Any CPU
	EndGlobalSection
	GlobalSection(ProjectConfigurationPlatforms) = postSolution
		{CB0ED550-71E5-4078-9BD1-6559AF1721A2}.Debug|Any CPU.ActiveCfg = Debug|Any CPU
		{CB0ED550-71E5-4078-9BD1-6559AF1721A2}.Debug|Any CPU.Build.0 = Debug|Any CPU
		{CB0ED550-71E5-4078-9BD1-6559AF1721A2}.Release|Any CPU.ActiveCfg = Release|Any CPU
		{CB0ED550-71E5-4078-9BD1-6559AF1721A2}.Release|Any CPU.Build.0 = Release|Any CPU
		{AADE5929-A39B-43A4-87BE-C8F3964A7FE4}.Debug|Any CPU.ActiveCfg = Debug|Any CPU
		{AADE5929-A39B-43A4-87BE-C8F3964A7FE4}.Debug|Any CPU.Build.0 = Debug|Any CPU
		{AADE5929-A39B-43A4-87BE-C8F3964A7FE4}.Release|Any CPU.ActiveCfg = Release|Any CPU
		{AADE5929-A39B-43A4-87BE-C8F3964A7FE4}.Release|Any CPU.Build.0 = Release|Any CPU
		{98C943CB-AB72-417E-B9B1-814F6C10C554}.Debug|Any CPU.ActiveCfg = Debug|Any CPU
		{98C943CB-AB72-417E-B9B1-814F6C10C554}.Debug|Any CPU.Build.0 = Debug|Any CPU
		{98C943CB-AB72-417E-B9B1-814F6C10C554}.Release|Any CPU.ActiveCfg = Release|Any CPU
		{98C943CB-AB72-417E-B9B1-814F6C10C554}.Release|Any CPU.Build.0 = Release|Any CPU
		{C80055C1-9217-43D7-A0B5-48A117F35314}.Debug|Any CPU.ActiveCfg = Debug|Any CPU
		{C80055C1-9217-43D7-A0B5-48A117F35314}.Debug|Any CPU.Build.0 = Debug|Any CPU
		{C80055C1-9217-43D7-A0B5-48A117F35314}.Release|Any CPU.ActiveCfg = Release|Any CPU
		{C80055C1-9217-43D7-A0B5-48A117F35314}.Release|Any CPU.Build.0 = Release|Any CPU
	EndGlobalSection
	GlobalSection(SolutionProperties) = preSolution
		HideSolutionNode = FALSE
	EndGlobalSection
EndGlobal
